{
  "name": "DroneSimulator-master",
  "lockfileVersion": 3,
  "requires": true,
  "packages": {
    "": {
      "dependencies": {
        "mxgraph": "^4.2.2"
      }
    },
    "node_modules/mxgraph": {
      "version": "4.2.2",
      "resolved": "https://registry.npmjs.org/mxgraph/-/mxgraph-4.2.2.tgz",
      "integrity": "sha512-FrJc5AxzXSqiQNF+8CyJk6VxuKO4UVPgw32FZuFZ3X9W+JqOAQBTokZhh0ZkEqGpEOyp3z778ssmBTvdrTAdqw==",
      "deprecated": "Package no longer supported. Use at your own risk"
    }
  }
}
